PODS:
  - Alamofire (5.11.2)
  - AMPopTip (4.12.0)
  - AppAuth (1.7.6):
    - AppAuth/Core (= 1.7.6)
    - AppAuth/ExternalUserAgent (= 1.7.6)
  - AppAuth/Core (1.7.6)
  - AppAuth/ExternalUserAgent (1.7.6):
    - AppAuth/Core
  - BetterSegmentedControl (1.3.0)
  - Bolts (1.9.1):
    - Bolts/AppLinks (= 1.9.1)
    - Bolts/Tasks (= 1.9.1)
  - Bolts/AppLinks (1.9.1):
    - Bolts/Tasks
  - Bolts/Tasks (1.9.1)
  - BottomPopup (0.7.0)
  - CCValidator (1.2.0)
  - CocoaMQTT (2.2.4):
    - CocoaMQTT/Core (= 2.2.4)
  - CocoaMQTT/Core (2.2.4):
    - MqttCocoaAsyncSocket (~> 1.0.8)
  - CRRefresh (1.1.3)
  - DateTimePicker (2.5.3)
  - DropDown (2.3.13)
  - FBSDKCoreKit (9.3.0):
    - FBSDKCoreKit/Basics (= 9.3.0)
    - FBSDKCoreKit/Core (= 9.3.0)
  - FBSDKCoreKit/Basics (9.3.0)
  - FBSDKCoreKit/Core (9.3.0):
    - FBSDKCoreKit/Basics
  - FBSDKLoginKit (9.3.0):
    - FBSDKLoginKit/Login (= 9.3.0)
  - FBSDKLoginKit/Login (9.3.0):
    - FBSDKCoreKit (~> 9.3.0)
  - Firebase/Auth (10.29.0):
    - Firebase/CoreOnly
    - FirebaseAuth (~> 10.29.0)
  - Firebase/Core (10.29.0):
    - Firebase/CoreOnly
    - FirebaseAnalytics (~> 10.29.0)
  - Firebase/CoreOnly (10.29.0):
    - FirebaseCore (= 10.29.0)
  - Firebase/Crashlytics (10.29.0):
    - Firebase/CoreOnly
    - FirebaseCrashlytics (~> 10.29.0)
  - Firebase/Functions (10.29.0):
    - Firebase/CoreOnly
    - FirebaseFunctions (~> 10.29.0)
  - Firebase/Messaging (10.29.0):
    - Firebase/CoreOnly
    - FirebaseMessaging (~> 10.29.0)
  - FirebaseAnalytics (10.29.0):
    - FirebaseAnalytics/AdIdSupport (= 10.29.0)
    - FirebaseCore (~> 10.0)
    - FirebaseInstallations (~> 10.0)
    - GoogleUtilities/AppDelegateSwizzler (~> 7.11)
    - GoogleUtilities/MethodSwizzler (~> 7.11)
    - GoogleUtilities/Network (~> 7.11)
    - "GoogleUtilities/NSData+zlib (~> 7.11)"
    - nanopb (< 2.30911.0, >= 2.30908.0)
  - FirebaseAnalytics/AdIdSupport (10.29.0):
    - FirebaseCore (~> 10.0)
    - FirebaseInstallations (~> 10.0)
    - GoogleAppMeasurement (= 10.29.0)
    - GoogleUtilities/AppDelegateSwizzler (~> 7.11)
    - GoogleUtilities/MethodSwizzler (~> 7.11)
    - GoogleUtilities/Network (~> 7.11)
    - "GoogleUtilities/NSData+zlib (~> 7.11)"
    - nanopb (< 2.30911.0, >= 2.30908.0)
  - FirebaseAppCheckInterop (10.29.0)
  - FirebaseAuth (10.29.0):
    - FirebaseAppCheckInterop (~> 10.17)
    - FirebaseCore (~> 10.0)
    - GoogleUtilities/AppDelegateSwizzler (~> 7.8)
    - GoogleUtilities/Environment (~> 7.8)
    - GTMSessionFetcher/Core (< 4.0, >= 2.1)
    - RecaptchaInterop (~> 100.0)
  - FirebaseAuthInterop (10.29.0)
  - FirebaseCore (10.29.0):
    - FirebaseCoreInternal (~> 10.0)
    - GoogleUtilities/Environment (~> 7.12)
    - GoogleUtilities/Logger (~> 7.12)
  - FirebaseCoreExtension (10.29.0):
    - FirebaseCore (~> 10.0)
  - FirebaseCoreInternal (10.29.0):
    - "GoogleUtilities/NSData+zlib (~> 7.8)"
  - FirebaseCrashlytics (10.29.0):
    - FirebaseCore (~> 10.5)
    - FirebaseInstallations (~> 10.0)
    - FirebaseRemoteConfigInterop (~> 10.23)
    - FirebaseSessions (~> 10.5)
    - GoogleDataTransport (~> 9.2)
    - GoogleUtilities/Environment (~> 7.8)
    - nanopb (< 2.30911.0, >= 2.30908.0)
    - PromisesObjC (~> 2.1)
  - FirebaseFunctions (10.29.0):
    - FirebaseAppCheckInterop (~> 10.10)
    - FirebaseAuthInterop (~> 10.25)
    - FirebaseCore (~> 10.0)
    - FirebaseCoreExtension (~> 10.0)
    - FirebaseMessagingInterop (~> 10.0)
    - FirebaseSharedSwift (~> 10.0)
    - GTMSessionFetcher/Core (< 4.0, >= 2.1)
  - FirebaseInstallations (10.29.0):
    - FirebaseCore (~> 10.0)
    - GoogleUtilities/Environment (~> 7.8)
    - GoogleUtilities/UserDefaults (~> 7.8)
    - PromisesObjC (~> 2.1)
  - FirebaseMessaging (10.29.0):
    - FirebaseCore (~> 10.0)
    - FirebaseInstallations (~> 10.0)
    - GoogleDataTransport (~> 9.3)
    - GoogleUtilities/AppDelegateSwizzler (~> 7.8)
    - GoogleUtilities/Environment (~> 7.8)
    - GoogleUtilities/Reachability (~> 7.8)
    - GoogleUtilities/UserDefaults (~> 7.8)
    - nanopb (< 2.30911.0, >= 2.30908.0)
  - FirebaseMessagingInterop (10.29.0)
  - FirebaseRemoteConfigInterop (10.29.0)
  - FirebaseSessions (10.29.0):
    - FirebaseCore (~> 10.5)
    - FirebaseCoreExtension (~> 10.0)
    - FirebaseInstallations (~> 10.0)
    - GoogleDataTransport (~> 9.2)
    - GoogleUtilities/Environment (~> 7.13)
    - GoogleUtilities/UserDefaults (~> 7.13)
    - nanopb (< 2.30911.0, >= 2.30908.0)
    - PromisesSwift (~> 2.1)
  - FirebaseSharedSwift (10.29.0)
  - GoogleAppMeasurement (10.29.0):
    - GoogleAppMeasurement/AdIdSupport (= 10.29.0)
    - GoogleUtilities/AppDelegateSwizzler (~> 7.11)
    - GoogleUtilities/MethodSwizzler (~> 7.11)
    - GoogleUtilities/Network (~> 7.11)
    - "GoogleUtilities/NSData+zlib (~> 7.11)"
    - nanopb (< 2.30911.0, >= 2.30908.0)
  - GoogleAppMeasurement/AdIdSupport (10.29.0):
    - GoogleAppMeasurement/WithoutAdIdSupport (= 10.29.0)
    - GoogleUtilities/AppDelegateSwizzler (~> 7.11)
    - GoogleUtilities/MethodSwizzler (~> 7.11)
    - GoogleUtilities/Network (~> 7.11)
    - "GoogleUtilities/NSData+zlib (~> 7.11)"
    - nanopb (< 2.30911.0, >= 2.30908.0)
  - GoogleAppMeasurement/WithoutAdIdSupport (10.29.0):
    - GoogleUtilities/AppDelegateSwizzler (~> 7.11)
    - GoogleUtilities/MethodSwizzler (~> 7.11)
    - GoogleUtilities/Network (~> 7.11)
    - "GoogleUtilities/NSData+zlib (~> 7.11)"
    - nanopb (< 2.30911.0, >= 2.30908.0)
  - GoogleDataTransport (9.4.1):
    - GoogleUtilities/Environment (~> 7.7)
    - nanopb (< 2.30911.0, >= 2.30908.0)
    - PromisesObjC (< 3.0, >= 1.2)
  - GoogleMaps (7.4.0):
    - GoogleMaps/Maps (= 7.4.0)
  - GoogleMaps/Base (7.4.0)
  - GoogleMaps/Maps (7.4.0):
    - GoogleMaps/Base
  - GooglePlaces (7.4.0)
  - GoogleSignIn (7.1.0):
    - AppAuth (< 2.0, >= 1.7.3)
    - GTMAppAuth (< 5.0, >= 4.1.1)
    - GTMSessionFetcher/Core (~> 3.3)
  - GoogleUtilities (7.13.3):
    - GoogleUtilities/AppDelegateSwizzler (= 7.13.3)
    - GoogleUtilities/Environment (= 7.13.3)
    - GoogleUtilities/ISASwizzler (= 7.13.3)
    - GoogleUtilities/Logger (= 7.13.3)
    - GoogleUtilities/MethodSwizzler (= 7.13.3)
    - GoogleUtilities/Network (= 7.13.3)
    - "GoogleUtilities/NSData+zlib (= 7.13.3)"
    - GoogleUtilities/Privacy (= 7.13.3)
    - GoogleUtilities/Reachability (= 7.13.3)
    - GoogleUtilities/SwizzlerTestHelpers (= 7.13.3)
    - GoogleUtilities/UserDefaults (= 7.13.3)
  - GoogleUtilities/AppDelegateSwizzler (7.13.3):
    - GoogleUtilities/Environment
    - GoogleUtilities/Logger
    - GoogleUtilities/Network
    - GoogleUtilities/Privacy
  - GoogleUtilities/Environment (7.13.3):
    - GoogleUtilities/Privacy
    - PromisesObjC (< 3.0, >= 1.2)
  - GoogleUtilities/ISASwizzler (7.13.3):
    - GoogleUtilities/Privacy
  - GoogleUtilities/Logger (7.13.3):
    - GoogleUtilities/Environment
    - GoogleUtilities/Privacy
  - GoogleUtilities/MethodSwizzler (7.13.3):
    - GoogleUtilities/Logger
    - GoogleUtilities/Privacy
  - GoogleUtilities/Network (7.13.3):
    - GoogleUtilities/Logger
    - "GoogleUtilities/NSData+zlib"
    - GoogleUtilities/Privacy
    - GoogleUtilities/Reachability
  - "GoogleUtilities/NSData+zlib (7.13.3)":
    - GoogleUtilities/Privacy
  - GoogleUtilities/Privacy (7.13.3)
  - GoogleUtilities/Reachability (7.13.3):
    - GoogleUtilities/Logger
    - GoogleUtilities/Privacy
  - GoogleUtilities/SwizzlerTestHelpers (7.13.3):
    - GoogleUtilities/MethodSwizzler
  - GoogleUtilities/UserDefaults (7.13.3):
    - GoogleUtilities/Logger
    - GoogleUtilities/Privacy
  - GTMAppAuth (4.1.1):
    - AppAuth/Core (~> 1.7)
    - GTMSessionFetcher/Core (< 4.0, >= 3.3)
  - GTMSessionFetcher/Core (3.5.0)
  - IQKeyboardManager (6.5.19)
  - JonAlert (1.0.0)
  - Kingfisher (8.8.1)
  - ListPlaceholder (1.5)
  - lottie-ios (4.6.0)
  - MarqueeLabel/Swift (3.2.1)
  - MIBlurPopup (1.0.0)
  - MqttCocoaAsyncSocket (1.0.8)
  - nanopb (2.30910.0):
    - nanopb/decode (= 2.30910.0)
    - nanopb/encode (= 2.30910.0)
  - nanopb/decode (2.30910.0)
  - nanopb/encode (2.30910.0)
  - NVActivityIndicatorView (5.2.0):
    - NVActivityIndicatorView/Base (= 5.2.0)
  - NVActivityIndicatorView/Base (5.2.0)
  - PayPalCheckout (1.3.0)
  - Popover (1.3.0)
  - PromisesObjC (2.4.0)
  - PromisesSwift (2.4.0):
    - PromisesObjC (= 2.4.0)
  - RAMAnimatedTabBarController (5.2.0)
  - RecaptchaInterop (100.0.0)
  - SCLAlertView (0.8)
  - ScrollableSegmentedControl (1.4.0)
  - Segmentio (3.3)
  - Stripe (23.0.0):
    - StripeApplePay (= 23.0.0)
    - StripeCore (= 23.0.0)
    - StripePayments (= 23.0.0)
    - StripePaymentsUI (= 23.0.0)
    - StripeUICore (= 23.0.0)
  - StripeApplePay (23.0.0):
    - StripeCore (= 23.0.0)
  - StripeCore (23.0.0)
  - StripePayments (23.0.0):
    - StripeCore (= 23.0.0)
    - StripePayments/Stripe3DS2 (= 23.0.0)
  - StripePayments/Stripe3DS2 (23.0.0):
    - StripeCore (= 23.0.0)
  - StripePaymentSheet (23.0.0):
    - StripeApplePay (= 23.0.0)
    - StripeCore (= 23.0.0)
    - StripePayments (= 23.0.0)
    - StripePaymentsUI (= 23.0.0)
  - StripePaymentsUI (23.0.0):
    - StripeCore (= 23.0.0)
    - StripePayments (= 23.0.0)
    - StripeUICore (= 23.0.0)
  - StripeUICore (23.0.0):
    - StripeCore (= 23.0.0)
  - SwiftyGif (5.4.5)
  - SWRevealViewController (2.3.0)
  - Toast-Swift (4.0.1)

DEPENDENCIES:
  - Alamofire (~> 5.8)
  - AMPopTip
  - BetterSegmentedControl (~> 1.0)
  - Bolts
  - BottomPopup
  - CCValidator
  - CocoaMQTT
  - CRRefresh
  - DateTimePicker
  - DropDown (from `https://github.com/AssistoLab/DropDown.git`, branch `master`)
  - FBSDKCoreKit (~> 9.0)
  - FBSDKLoginKit (~> 9.0)
  - Firebase/Auth
  - Firebase/Core
  - Firebase/Crashlytics
  - Firebase/Functions
  - Firebase/Messaging
  - GoogleMaps
  - GooglePlaces
  - GoogleSignIn (~> 7.0)
  - GoogleUtilities
  - IQKeyboardManager
  - JonAlert (from `https://github.com/jonSurrey/JonAlert.git`, branch `master`)
  - Kingfisher
  - ListPlaceholder
  - lottie-ios
  - MarqueeLabel/Swift
  - MIBlurPopup
  - NVActivityIndicatorView
  - PayPalCheckout (~> 1.0)
  - Popover
  - RAMAnimatedTabBarController
  - SCLAlertView
  - ScrollableSegmentedControl (~> 1.4.0)
  - Segmentio (~> 3.3)
  - Stripe (~> 23.0.0)
  - StripePaymentSheet (~> 23.0.0)
  - SwiftyGif
  - SWRevealViewController
  - Toast-Swift (~> 4.0.0)

SPEC REPOS:
  trunk:
    - Alamofire
    - AMPopTip
    - AppAuth
    - BetterSegmentedControl
    - Bolts
    - BottomPopup
    - CCValidator
    - CocoaMQTT
    - CRRefresh
    - DateTimePicker
    - FBSDKCoreKit
    - FBSDKLoginKit
    - Firebase
    - FirebaseAnalytics
    - FirebaseAppCheckInterop
    - FirebaseAuth
    - FirebaseAuthInterop
    - FirebaseCore
    - FirebaseCoreExtension
    - FirebaseCoreInternal
    - FirebaseCrashlytics
    - FirebaseFunctions
    - FirebaseInstallations
    - FirebaseMessaging
    - FirebaseMessagingInterop
    - FirebaseRemoteConfigInterop
    - FirebaseSessions
    - FirebaseSharedSwift
    - GoogleAppMeasurement
    - GoogleDataTransport
    - GoogleMaps
    - GooglePlaces
    - GoogleSignIn
    - GoogleUtilities
    - GTMAppAuth
    - GTMSessionFetcher
    - IQKeyboardManager
    - Kingfisher
    - ListPlaceholder
    - lottie-ios
    - MarqueeLabel
    - MIBlurPopup
    - MqttCocoaAsyncSocket
    - nanopb
    - NVActivityIndicatorView
    - PayPalCheckout
    - Popover
    - PromisesObjC
    - PromisesSwift
    - RAMAnimatedTabBarController
    - RecaptchaInterop
    - SCLAlertView
    - ScrollableSegmentedControl
    - Segmentio
    - Stripe
    - StripeApplePay
    - StripeCore
    - StripePayments
    - StripePaymentSheet
    - StripePaymentsUI
    - StripeUICore
    - SwiftyGif
    - SWRevealViewController
    - Toast-Swift

EXTERNAL SOURCES:
  DropDown:
    :branch: master
    :git: https://github.com/AssistoLab/DropDown.git
  JonAlert:
    :branch: master
    :git: https://github.com/jonSurrey/JonAlert.git

CHECKOUT OPTIONS:
  DropDown:
    :commit: 2ab6f6ce19f0117d1a76ea043ef8f57722c65d16
    :git: https://github.com/AssistoLab/DropDown.git
  JonAlert:
    :commit: c37cdd9d82fb5bb0af8952a4299d7c9b20e3237e
    :git: https://github.com/jonSurrey/JonAlert.git

SPEC CHECKSUMS:
  Alamofire: 400275dd1c6d87d95a041861d2a59da4b520a203
  AMPopTip: cf89d8690aa6e59ddc86bf46c0ccabb3e7d148a1
  AppAuth: d4f13a8fe0baf391b2108511793e4b479691fb73
  BetterSegmentedControl: 85d1b0343a09603b098884d527f550dfc8e6cdd9
  Bolts: 8c1e8aab2f603387b8b9924f57d1d64f43d3ffdc
  BottomPopup: fe3e284628532f99093ae68c592c6b9d392c972d
  CCValidator: 19c090b536c0152863795aa291bf7be3ffccf457
  CocoaMQTT: 6a26470fae5c25605f24d6fa3e596c8883e82c84
  CRRefresh: 1415d4ae06837fa7bb064c44f2e102f3ef517044
  DateTimePicker: 52701ddf656a50856d3510955933f767cd2c947c
  DropDown: bf260fd688978138019ad7d94f63a2362dad85ba
  FBSDKCoreKit: 0d1ae58388a458b8222f72025804cdc84eb5d0c3
  FBSDKLoginKit: aea68df6121c5e165ccae2fabfdc83c4644ee40f
  Firebase: cec914dab6fd7b1bd8ab56ea07ce4e03dd251c2d
  FirebaseAnalytics: 23717de130b779aa506e757edb9713d24b6ffeda
  FirebaseAppCheckInterop: 6a1757cfd4067d8e00fccd14fcc1b8fd78cfac07
  FirebaseAuth: e2ebfaf9fb4638a1c9a3b0efd17d1b90943987cd
  FirebaseAuthInterop: 17db81e9b198afb0f95ce48c133825727eed55d3
  FirebaseCore: 30e9c1cbe3d38f5f5e75f48bfcea87d7c358ec16
  FirebaseCoreExtension: 705ca5b14bf71d2564a0ddc677df1fc86ffa600f
  FirebaseCoreInternal: df84dd300b561c27d5571684f389bf60b0a5c934
  FirebaseCrashlytics: 34647b41e18de773717fdd348a22206f2f9bc774
  FirebaseFunctions: 6ccbc8546a950b8e4dac3d3d8c8f66e23ab647a2
  FirebaseInstallations: 913cf60d0400ebd5d6b63a28b290372ab44590dd
  FirebaseMessaging: 7b5d8033e183ab59eb5b852a53201559e976d366
  FirebaseMessagingInterop: afa5a4da1d615d109cf9fcf37479af96f6c3623a
  FirebaseRemoteConfigInterop: 6efda51fb5e2f15b16585197e26eaa09574e8a4d
  FirebaseSessions: dbd14adac65ce996228652c1fc3a3f576bdf3ecc
  FirebaseSharedSwift: 20530f495084b8d840f78a100d8c5ee613375f6e
  GoogleAppMeasurement: f9de05ee17401e3355f68e8fc8b5064d429f5918
  GoogleDataTransport: 6c09b596d841063d76d4288cc2d2f42cc36e1e2a
  GoogleMaps: 032f676450ba0779bd8ce16840690915f84e57ac
  GooglePlaces: 544e908d94860bf6f8fc1865b80d2c7eb6b5f937
  GoogleSignIn: d4281ab6cf21542b1cfaff85c191f230b399d2db
  GoogleUtilities: ea963c370a38a8069cc5f7ba4ca849a60b6d7d15
  GTMAppAuth: f69bd07d68cd3b766125f7e072c45d7340dea0de
  GTMSessionFetcher: 5aea5ba6bd522a239e236100971f10cb71b96ab6
  IQKeyboardManager: c8665b3396bd0b79402b4c573eac345a31c7d485
  JonAlert: b254830587addcc52d0e9ee871f43f4d6194d342
  Kingfisher: b6c16059112dd6bdadf3d7ae01472ea1ef01a6b8
  ListPlaceholder: 2d7950014852ee5613d636cf14fd1bb93419e330
  lottie-ios: 8f959969761e9c45d70353667d00af0e5b9cadb3
  MarqueeLabel: 2daf039bf916937c8a4c9adfc13577cc5e51b4ce
  MIBlurPopup: 7e855df6a79d13bc0840519c2ec9bac50b1ac01a
  MqttCocoaAsyncSocket: 77d3b74f76228dd5a05d1f9526eab101d415b30c
  nanopb: 438bc412db1928dac798aa6fd75726007be04262
  NVActivityIndicatorView: fe52a6a68664c2df8991d7d9e3d86d8d19453c53
  PayPalCheckout: 06cb1e4f5bfdca33b8eb6052d04ac4e4a4ab512c
  Popover: 10e1d9528f81d9504df984b7b3f491292bc1822d
  PromisesObjC: f5707f49cb48b9636751c5b2e7d227e43fba9f47
  PromisesSwift: 9d77319bbe72ebf6d872900551f7eeba9bce2851
  RAMAnimatedTabBarController: 6863a386e7ae2ab227cd60aa73ab8ff56cdacfdd
  RecaptchaInterop: 7d1a4a01a6b2cb1610a47ef3f85f0c411434cb21
  SCLAlertView: 6a77bb2edfc65e04dbe57725546cb4107a506b85
  ScrollableSegmentedControl: 56f7baa7f1d7e622e00abb9d6658856c2d52dd4b
  Segmentio: 4ff49aa4f4c916998c0d886c549ce62ca9eae251
  Stripe: 3f2e6ecf0bca1cf51e0aa2d8ac000dcde862a1e3
  StripeApplePay: 872cd6bee754b395c0cb33e64dd4ed887142dbf7
  StripeCore: 6ee53ff749d64fd9db3f06ae4c385fdd3f8580a2
  StripePayments: 6e580aac69d1923607a40f506602f5770f8eb2bc
  StripePaymentSheet: fb6429dcb8f4b07e0ea22a1e83b231a4a666906f
  StripePaymentsUI: cadc1c4d4daa4335dc0a996af5ead287505b7075
  StripeUICore: 55b2660a2cad2fe055a05f59297caa4ae50acf74
  SwiftyGif: 706c60cf65fa2bc5ee0313beece843c8eb8194d4
  SWRevealViewController: 6d3fd97f70112fd7cef9de14df4260eacce4c63a
  Toast-Swift: e42a638589a2f95036b4bb7626cfbdde7daf0393

PODFILE CHECKSUM: 930972fe80375e5d4b292c9d8d033ef62acfb1fc

COCOAPODS: 1.16.2
